// !$*UTF8*$!
{
	archiveVersion = 1;
	classes = {
	};
	objectVersion = 46;
	objects = {

/* Begin PBXBuildFile section */
		1464CF761F04914B0079112E /* UIColor+HexStr.m in Sources */ = {isa = PBXBuildFile; fileRef = 1464CF731F04914B0079112E /* UIColor+HexStr.m */; };
		1464CF771F04914B0079112E /* UIView+Category.m in Sources */ = {isa = PBXBuildFile; fileRef = 1464CF751F04914B0079112E /* UIView+Category.m */; };
		1464CF7A1F0495260079112E /* UIBarButtonItem+Extension.m in Sources */ = {isa = PBXBuildFile; fileRef = 1464CF791F0495260079112E /* UIBarButtonItem+Extension.m */; };
		1464CF7E1F04AD930079112E /* WTCustomTextField.m in Sources */ = {isa = PBXBuildFile; fileRef = 1464CF7D1F04AD930079112E /* WTCustomTextField.m */; };
		1464CF991F0777A80079112E /* WTNavigationController.m in Sources */ = {isa = PBXBuildFile; fileRef = 1464CF981F0777A80079112E /* WTNavigationController.m */; };
		1464CFA21F077E250079112E /* WTAuthorityManager.m in Sources */ = {isa = PBXBuildFile; fileRef = 1464CFA11F077E250079112E /* WTAuthorityManager.m */; };
		1464CFA61F0798380079112E /* home_share_code_line@2x.png in Resources */ = {isa = PBXBuildFile; fileRef = 1464CFA51F0798380079112E /* home_share_code_line@2x.png */; };
		840F942D1EFFD25B0028AC24 /* main.m in Sources */ = {isa = PBXBuildFile; fileRef = 840F942C1EFFD25B0028AC24 /* main.m */; };
		840F94301EFFD25B0028AC24 /* AppDelegate.m in Sources */ = {isa = PBXBuildFile; fileRef = 840F942F1EFFD25B0028AC24 /* AppDelegate.m */; };
		840F94331EFFD25B0028AC24 /* ViewController.m in Sources */ = {isa = PBXBuildFile; fileRef = 840F94321EFFD25B0028AC24 /* ViewController.m */; };
		840F94361EFFD25B0028AC24 /* Main.storyboard in Resources */ = {isa = PBXBuildFile; fileRef = 840F94341EFFD25B0028AC24 /* Main.storyboard */; };
		840F94381EFFD25B0028AC24 /* Assets.xcassets in Resources */ = {isa = PBXBuildFile; fileRef = 840F94371EFFD25B0028AC24 /* Assets.xcassets */; };
		840F943B1EFFD25B0028AC24 /* LaunchScreen.storyboard in Resources */ = {isa = PBXBuildFile; fileRef = 840F94391EFFD25B0028AC24 /* LaunchScreen.storyboard */; };
		840F94461EFFD25B0028AC24 /* WTSummaryTests.m in Sources */ = {isa = PBXBuildFile; fileRef = 840F94451EFFD25B0028AC24 /* WTSummaryTests.m */; };
		840F94511EFFD25B0028AC24 /* WTSummaryUITests.m in Sources */ = {isa = PBXBuildFile; fileRef = 840F94501EFFD25B0028AC24 /* WTSummaryUITests.m */; };
		840F94701EFFF75B0028AC24 /* UIImage+Extension.m in Sources */ = {isa = PBXBuildFile; fileRef = 840F946F1EFFF75B0028AC24 /* UIImage+Extension.m */; };
		840F94741EFFFB3B0028AC24 /* WTBaseViewController.m in Sources */ = {isa = PBXBuildFile; fileRef = 840F94731EFFFB3B0028AC24 /* WTBaseViewController.m */; };
		841399721F0147B500F8F8A6 /* UINavigationBar+Extension.m in Sources */ = {isa = PBXBuildFile; fileRef = 841399711F0147B500F8F8A6 /* UINavigationBar+Extension.m */; };
		841501531F03DC1D002C3759 /* WTAlertController.m in Sources */ = {isa = PBXBuildFile; fileRef = 841501521F03DC1D002C3759 /* WTAlertController.m */; };
		841501561F03DD1B002C3759 /* TestViewController.m in Sources */ = {isa = PBXBuildFile; fileRef = 841501551F03DD1B002C3759 /* TestViewController.m */; };
		845C562A1F08ACE200906099 /* WTQRCodeView.m in Sources */ = {isa = PBXBuildFile; fileRef = 845C56281F08ACE200906099 /* WTQRCodeView.m */; };
		845C562F1F08AD5A00906099 /* WTLabel.m in Sources */ = {isa = PBXBuildFile; fileRef = 845C562E1F08AD5A00906099 /* WTLabel.m */; };
		845C56321F08AF8F00906099 /* WTQRCodeController.m in Sources */ = {isa = PBXBuildFile; fileRef = 845C56311F08AF8F00906099 /* WTQRCodeController.m */; };
/* End PBXBuildFile section */

/* Begin PBXContainerItemProxy section */
		840F94421EFFD25B0028AC24 /* PBXContainerItemProxy */ = {
			isa = PBXContainerItemProxy;
			containerPortal = 840F94201EFFD25B0028AC24 /* Project object */;
			proxyType = 1;
			remoteGlobalIDString = 840F94271EFFD25B0028AC24;
			remoteInfo = WTSummary;
		};
		840F944D1EFFD25B0028AC24 /* PBXContainerItemProxy */ = {
			isa = PBXContainerItemProxy;
			containerPortal = 840F94201EFFD25B0028AC24 /* Project object */;
			proxyType = 1;
			remoteGlobalIDString = 840F94271EFFD25B0028AC24;
			remoteInfo = WTSummary;
		};
/* End PBXContainerItemProxy section */

/* Begin PBXFileReference section */
		1464CF721F04914B0079112E /* UIColor+HexStr.h */ = {isa = PBXFileReference; fileEncoding = 4; lastKnownFileType = sourcecode.c.h; path = "UIColor+HexStr.h"; sourceTree = "<group>"; };
		1464CF731F04914B0079112E /* UIColor+HexStr.m */ = {isa = PBXFileReference; fileEncoding = 4; lastKnownFileType = sourcecode.c.objc; path = "UIColor+HexStr.m"; sourceTree = "<group>"; };
		1464CF741F04914B0079112E /* UIView+Category.h */ = {isa = PBXFileReference; fileEncoding = 4; lastKnownFileType = sourcecode.c.h; path = "UIView+Category.h"; sourceTree = "<group>"; };
		1464CF751F04914B0079112E /* UIView+Category.m */ = {isa = PBXFileReference; fileEncoding = 4; lastKnownFileType = sourcecode.c.objc; path = "UIView+Category.m"; sourceTree = "<group>"; };
		1464CF781F0495260079112E /* UIBarButtonItem+Extension.h */ = {isa = PBXFileReference; fileEncoding = 4; lastKnownFileType = sourcecode.c.h; path = "UIBarButtonItem+Extension.h"; sourceTree = "<group>"; };
		1464CF791F0495260079112E /* UIBarButtonItem+Extension.m */ = {isa = PBXFileReference; fileEncoding = 4; lastKnownFileType = sourcecode.c.objc; path = "UIBarButtonItem+Extension.m"; sourceTree = "<group>"; };
		1464CF7C1F04AD930079112E /* WTCustomTextField.h */ = {isa = PBXFileReference; fileEncoding = 4; lastKnownFileType = sourcecode.c.h; path = WTCustomTextField.h; sourceTree = "<group>"; };
		1464CF7D1F04AD930079112E /* WTCustomTextField.m */ = {isa = PBXFileReference; fileEncoding = 4; lastKnownFileType = sourcecode.c.objc; path = WTCustomTextField.m; sourceTree = "<group>"; };
		1464CF971F0777A80079112E /* WTNavigationController.h */ = {isa = PBXFileReference; fileEncoding = 4; lastKnownFileType = sourcecode.c.h; path = WTNavigationController.h; sourceTree = "<group>"; };
		1464CF981F0777A80079112E /* WTNavigationController.m */ = {isa = PBXFileReference; fileEncoding = 4; lastKnownFileType = sourcecode.c.objc; path = WTNavigationController.m; sourceTree = "<group>"; };
		1464CFA01F077E250079112E /* WTAuthorityManager.h */ = {isa = PBXFileReference; fileEncoding = 4; lastKnownFileType = sourcecode.c.h; path = WTAuthorityManager.h; sourceTree = "<group>"; };
		1464CFA11F077E250079112E /* WTAuthorityManager.m */ = {isa = PBXFileReference; fileEncoding = 4; lastKnownFileType = sourcecode.c.objc; path = WTAuthorityManager.m; sourceTree = "<group>"; };
		1464CFA51F0798380079112E /* home_share_code_line@2x.png */ = {isa = PBXFileReference; lastKnownFileType = image.png; name = "home_share_code_line@2x.png"; path = "Assets.xcassets/home_share_code_line.imageset/home_share_code_line@2x.png"; sourceTree = "<group>"; };
		840F94281EFFD25B0028AC24 /* WTSummary.app */ = {isa = PBXFileReference; explicitFileType = wrapper.application; includeInIndex = 0; path = WTSummary.app; sourceTree = BUILT_PRODUCTS_DIR; };
		840F942C1EFFD25B0028AC24 /* main.m */ = {isa = PBXFileReference; lastKnownFileType = sourcecode.c.objc; path = main.m; sourceTree = "<group>"; };
		840F942E1EFFD25B0028AC24 /* AppDelegate.h */ = {isa = PBXFileReference; lastKnownFileType = sourcecode.c.h; path = AppDelegate.h; sourceTree = "<group>"; };
		840F942F1EFFD25B0028AC24 /* AppDelegate.m */ = {isa = PBXFileReference; lastKnownFileType = sourcecode.c.objc; path = AppDelegate.m; sourceTree = "<group>"; };
		840F94311EFFD25B0028AC24 /* ViewController.h */ = {isa = PBXFileReference; lastKnownFileType = sourcecode.c.h; path = ViewController.h; sourceTree = "<group>"; };
		840F94321EFFD25B0028AC24 /* ViewController.m */ = {isa = PBXFileReference; lastKnownFileType = sourcecode.c.objc; path = ViewController.m; sourceTree = "<group>"; };
		840F94351EFFD25B0028AC24 /* Base */ = {isa = PBXFileReference; lastKnownFileType = file.storyboard; name = Base; path = Base.lproj/Main.storyboard; sourceTree = "<group>"; };
		840F94371EFFD25B0028AC24 /* Assets.xcassets */ = {isa = PBXFileReference; lastKnownFileType = folder.assetcatalog; path = Assets.xcassets; sourceTree = "<group>"; };
		840F943A1EFFD25B0028AC24 /* Base */ = {isa = PBXFileReference; lastKnownFileType = file.storyboard; name = Base; path = Base.lproj/LaunchScreen.storyboard; sourceTree = "<group>"; };
		840F943C1EFFD25B0028AC24 /* Info.plist */ = {isa = PBXFileReference; lastKnownFileType = text.plist.xml; path = Info.plist; sourceTree = "<group>"; };
		840F94411EFFD25B0028AC24 /* WTSummaryTests.xctest */ = {isa = PBXFileReference; explicitFileType = wrapper.cfbundle; includeInIndex = 0; path = WTSummaryTests.xctest; sourceTree = BUILT_PRODUCTS_DIR; };
		840F94451EFFD25B0028AC24 /* WTSummaryTests.m */ = {isa = PBXFileReference; lastKnownFileType = sourcecode.c.objc; path = WTSummaryTests.m; sourceTree = "<group>"; };
		840F94471EFFD25B0028AC24 /* Info.plist */ = {isa = PBXFileReference; lastKnownFileType = text.plist.xml; path = Info.plist; sourceTree = "<group>"; };
		840F944C1EFFD25B0028AC24 /* WTSummaryUITests.xctest */ = {isa = PBXFileReference; explicitFileType = wrapper.cfbundle; includeInIndex = 0; path = WTSummaryUITests.xctest; sourceTree = BUILT_PRODUCTS_DIR; };
		840F94501EFFD25B0028AC24 /* WTSummaryUITests.m */ = {isa = PBXFileReference; lastKnownFileType = sourcecode.c.objc; path = WTSummaryUITests.m; sourceTree = "<group>"; };
		840F94521EFFD25B0028AC24 /* Info.plist */ = {isa = PBXFileReference; lastKnownFileType = text.plist.xml; path = Info.plist; sourceTree = "<group>"; };
		840F94691EFFD5D50028AC24 /* Header.h */ = {isa = PBXFileReference; lastKnownFileType = sourcecode.c.h; path = Header.h; sourceTree = "<group>"; };
		840F946E1EFFF75B0028AC24 /* UIImage+Extension.h */ = {isa = PBXFileReference; fileEncoding = 4; lastKnownFileType = sourcecode.c.h; path = "UIImage+Extension.h"; sourceTree = "<group>"; };
		840F946F1EFFF75B0028AC24 /* UIImage+Extension.m */ = {isa = PBXFileReference; fileEncoding = 4; lastKnownFileType = sourcecode.c.objc; path = "UIImage+Extension.m"; sourceTree = "<group>"; };
		840F94721EFFFB3B0028AC24 /* WTBaseViewController.h */ = {isa = PBXFileReference; fileEncoding = 4; lastKnownFileType = sourcecode.c.h; path = WTBaseViewController.h; sourceTree = "<group>"; };
		840F94731EFFFB3B0028AC24 /* WTBaseViewController.m */ = {isa = PBXFileReference; fileEncoding = 4; lastKnownFileType = sourcecode.c.objc; path = WTBaseViewController.m; sourceTree = "<group>"; };
		841399701F0147B500F8F8A6 /* UINavigationBar+Extension.h */ = {isa = PBXFileReference; fileEncoding = 4; lastKnownFileType = sourcecode.c.h; path = "UINavigationBar+Extension.h"; sourceTree = "<group>"; };
		841399711F0147B500F8F8A6 /* UINavigationBar+Extension.m */ = {isa = PBXFileReference; fileEncoding = 4; lastKnownFileType = sourcecode.c.objc; path = "UINavigationBar+Extension.m"; sourceTree = "<group>"; };
		841501511F03DC1D002C3759 /* WTAlertController.h */ = {isa = PBXFileReference; fileEncoding = 4; lastKnownFileType = sourcecode.c.h; path = WTAlertController.h; sourceTree = "<group>"; };
		841501521F03DC1D002C3759 /* WTAlertController.m */ = {isa = PBXFileReference; fileEncoding = 4; lastKnownFileType = sourcecode.c.objc; path = WTAlertController.m; sourceTree = "<group>"; };
		841501541F03DD1B002C3759 /* TestViewController.h */ = {isa = PBXFileReference; fileEncoding = 4; lastKnownFileType = sourcecode.c.h; path = TestViewController.h; sourceTree = "<group>"; };
		841501551F03DD1B002C3759 /* TestViewController.m */ = {isa = PBXFileReference; fileEncoding = 4; lastKnownFileType = sourcecode.c.objc; path = TestViewController.m; sourceTree = "<group>"; };
		841FBF951F0016CB00AE4659 /* PrefixHeader.pch */ = {isa = PBXFileReference; lastKnownFileType = sourcecode.c.h; path = PrefixHeader.pch; sourceTree = "<group>"; };
		845C56271F08ACE200906099 /* WTQRCodeView.h */ = {isa = PBXFileReference; fileEncoding = 4; lastKnownFileType = sourcecode.c.h; path = WTQRCodeView.h; sourceTree = "<group>"; };
		845C56281F08ACE200906099 /* WTQRCodeView.m */ = {isa = PBXFileReference; fileEncoding = 4; lastKnownFileType = sourcecode.c.objc; path = WTQRCodeView.m; sourceTree = "<group>"; };
		845C562D1F08AD5A00906099 /* WTLabel.h */ = {isa = PBXFileReference; fileEncoding = 4; lastKnownFileType = sourcecode.c.h; path = WTLabel.h; sourceTree = "<group>"; };
		845C562E1F08AD5A00906099 /* WTLabel.m */ = {isa = PBXFileReference; fileEncoding = 4; lastKnownFileType = sourcecode.c.objc; path = WTLabel.m; sourceTree = "<group>"; };
		845C56301F08AF8F00906099 /* WTQRCodeController.h */ = {isa = PBXFileReference; fileEncoding = 4; lastKnownFileType = sourcecode.c.h; path = WTQRCodeController.h; sourceTree = "<group>"; };
		845C56311F08AF8F00906099 /* WTQRCodeController.m */ = {isa = PBXFileReference; fileEncoding = 4; lastKnownFileType = sourcecode.c.objc; path = WTQRCodeController.m; sourceTree = "<group>"; };
/* End PBXFileReference section */

/* Begin PBXFrameworksBuildPhase section */
		840F94251EFFD25B0028AC24 /* Frameworks */ = {
			isa = PBXFrameworksBuildPhase;
			buildActionMask = 2147483647;
			files = (
			);
			runOnlyForDeploymentPostprocessing = 0;
		};
		840F943E1EFFD25B0028AC24 /* Frameworks */ = {
			isa = PBXFrameworksBuildPhase;
			buildActionMask = 2147483647;
			files = (
			);
			runOnlyForDeploymentPostprocessing = 0;
		};
		840F94491EFFD25B0028AC24 /* Frameworks */ = {
			isa = PBXFrameworksBuildPhase;
			buildActionMask = 2147483647;
			files = (
			);
			runOnlyForDeploymentPostprocessing = 0;
		};
/* End PBXFrameworksBuildPhase section */

/* Begin PBXGroup section */
		1464CF7B1F0495410079112E /* 未命名文件夹 */ = {
			isa = PBXGroup;
			children = (
			);
			path = "未命名文件夹";
			sourceTree = "<group>";
		};
		1464CF961F0777A80079112E /* NavigationController */ = {
			isa = PBXGroup;
			children = (
				1464CF971F0777A80079112E /* WTNavigationController.h */,
				1464CF981F0777A80079112E /* WTNavigationController.m */,
			);
			path = NavigationController;
			sourceTree = "<group>";
		};
		1464CF9F1F077D530079112E /* 权限请求 */ = {
			isa = PBXGroup;
			children = (
				1464CFA01F077E250079112E /* WTAuthorityManager.h */,
				1464CFA11F077E250079112E /* WTAuthorityManager.m */,
			);
			name = "权限请求";
			path = "Component/权限请求";
			sourceTree = "<group>";
		};
		840F941F1EFFD25B0028AC24 = {
			isa = PBXGroup;
			children = (
				840F942A1EFFD25B0028AC24 /* WTSummary */,
				840F94441EFFD25B0028AC24 /* WTSummaryTests */,
				840F944F1EFFD25B0028AC24 /* WTSummaryUITests */,
				840F94291EFFD25B0028AC24 /* Products */,
			);
			sourceTree = "<group>";
		};
		840F94291EFFD25B0028AC24 /* Products */ = {
			isa = PBXGroup;
			children = (
				840F94281EFFD25B0028AC24 /* WTSummary.app */,
				840F94411EFFD25B0028AC24 /* WTSummaryTests.xctest */,
				840F944C1EFFD25B0028AC24 /* WTSummaryUITests.xctest */,
			);
			name = Products;
			sourceTree = "<group>";
		};
		840F942A1EFFD25B0028AC24 /* WTSummary */ = {
			isa = PBXGroup;
			children = (
				845C56231F08ACE100906099 /* Function */,
				1464CF9F1F077D530079112E /* 权限请求 */,
				840F94711EFFFAFF0028AC24 /* Component */,
				840F94621EFFD45E0028AC24 /* Category */,
				840F945E1EFFD28D0028AC24 /* OC与JS相互调用 */,
				840F94311EFFD25B0028AC24 /* ViewController.h */,
				840F94321EFFD25B0028AC24 /* ViewController.m */,
				840F942B1EFFD25B0028AC24 /* Supporting Files */,
			);
			path = WTSummary;
			sourceTree = "<group>";
		};
		840F942B1EFFD25B0028AC24 /* Supporting Files */ = {
			isa = PBXGroup;
			children = (
				1464CFA51F0798380079112E /* home_share_code_line@2x.png */,
				841FBF951F0016CB00AE4659 /* PrefixHeader.pch */,
				840F94691EFFD5D50028AC24 /* Header.h */,
				840F94341EFFD25B0028AC24 /* Main.storyboard */,
				840F94371EFFD25B0028AC24 /* Assets.xcassets */,
				840F94391EFFD25B0028AC24 /* LaunchScreen.storyboard */,
				840F943C1EFFD25B0028AC24 /* Info.plist */,
				840F942E1EFFD25B0028AC24 /* AppDelegate.h */,
				840F942F1EFFD25B0028AC24 /* AppDelegate.m */,
				840F942C1EFFD25B0028AC24 /* main.m */,
			);
			name = "Supporting Files";
			sourceTree = "<group>";
		};
		840F94441EFFD25B0028AC24 /* WTSummaryTests */ = {
			isa = PBXGroup;
			children = (
				840F94451EFFD25B0028AC24 /* WTSummaryTests.m */,
				840F94471EFFD25B0028AC24 /* Info.plist */,
			);
			path = WTSummaryTests;
			sourceTree = "<group>";
		};
		840F944F1EFFD25B0028AC24 /* WTSummaryUITests */ = {
			isa = PBXGroup;
			children = (
				840F94501EFFD25B0028AC24 /* WTSummaryUITests.m */,
				840F94521EFFD25B0028AC24 /* Info.plist */,
			);
			path = WTSummaryUITests;
			sourceTree = "<group>";
		};
		840F945E1EFFD28D0028AC24 /* OC与JS相互调用 */ = {
			isa = PBXGroup;
			children = (
				841501541F03DD1B002C3759 /* TestViewController.h */,
				841501551F03DD1B002C3759 /* TestViewController.m */,
			);
			path = "OC与JS相互调用";
			sourceTree = "<group>";
		};
		840F94621EFFD45E0028AC24 /* Category */ = {
			isa = PBXGroup;
			children = (
				1464CF7C1F04AD930079112E /* WTCustomTextField.h */,
				1464CF7D1F04AD930079112E /* WTCustomTextField.m */,
				1464CF781F0495260079112E /* UIBarButtonItem+Extension.h */,
				1464CF791F0495260079112E /* UIBarButtonItem+Extension.m */,
				1464CF721F04914B0079112E /* UIColor+HexStr.h */,
				1464CF731F04914B0079112E /* UIColor+HexStr.m */,
				1464CF741F04914B0079112E /* UIView+Category.h */,
				1464CF751F04914B0079112E /* UIView+Category.m */,
				840F946E1EFFF75B0028AC24 /* UIImage+Extension.h */,
				840F946F1EFFF75B0028AC24 /* UIImage+Extension.m */,
			);
			path = Category;
			sourceTree = "<group>";
		};
		840F94711EFFFAFF0028AC24 /* Component */ = {
			isa = PBXGroup;
			children = (
				845C562C1F08AD5A00906099 /* WTLabel */,
				1464CF961F0777A80079112E /* NavigationController */,
				1464CF7B1F0495410079112E /* 未命名文件夹 */,
				841501501F03DBAC002C3759 /* WTAlertViewController */,
				840F94721EFFFB3B0028AC24 /* WTBaseViewController.h */,
				840F94731EFFFB3B0028AC24 /* WTBaseViewController.m */,
				841399701F0147B500F8F8A6 /* UINavigationBar+Extension.h */,
				841399711F0147B500F8F8A6 /* UINavigationBar+Extension.m */,
			);
			path = Component;
			sourceTree = "<group>";
		};
		841501501F03DBAC002C3759 /* WTAlertViewController */ = {
			isa = PBXGroup;
			children = (
				841501511F03DC1D002C3759 /* WTAlertController.h */,
				841501521F03DC1D002C3759 /* WTAlertController.m */,
			);
			path = WTAlertViewController;
			sourceTree = "<group>";
		};
		845C56231F08ACE100906099 /* Function */ = {
			isa = PBXGroup;
			children = (
				845C56241F08ACE200906099 /* 二维码 */,
			);
			path = Function;
			sourceTree = "<group>";
		};
		845C56241F08ACE200906099 /* 二维码 */ = {
			isa = PBXGroup;
			children = (
				845C56301F08AF8F00906099 /* WTQRCodeController.h */,
				845C56311F08AF8F00906099 /* WTQRCodeController.m */,
				845C56271F08ACE200906099 /* WTQRCodeView.h */,
				845C56281F08ACE200906099 /* WTQRCodeView.m */,
			);
			path = "二维码";
			sourceTree = "<group>";
		};
		845C562C1F08AD5A00906099 /* WTLabel */ = {
			isa = PBXGroup;
			children = (
				845C562D1F08AD5A00906099 /* WTLabel.h */,
				845C562E1F08AD5A00906099 /* WTLabel.m */,
			);
			path = WTLabel;
			sourceTree = "<group>";
		};
/* End PBXGroup section */

/* Begin PBXNativeTarget section */
		840F94271EFFD25B0028AC24 /* WTSummary */ = {
			isa = PBXNativeTarget;
			buildConfigurationList = 840F94551EFFD25B0028AC24 /* Build configuration list for PBXNativeTarget "WTSummary" */;
			buildPhases = (
				840F94241EFFD25B0028AC24 /* Sources */,
				840F94251EFFD25B0028AC24 /* Frameworks */,
				840F94261EFFD25B0028AC24 /* Resources */,
			);
			buildRules = (
			);
			dependencies = (
			);
			name = WTSummary;
			productName = WTSummary;
			productReference = 840F94281EFFD25B0028AC24 /* WTSummary.app */;
			productType = "com.apple.product-type.application";
		};
		840F94401EFFD25B0028AC24 /* WTSummaryTests */ = {
			isa = PBXNativeTarget;
			buildConfigurationList = 840F94581EFFD25B0028AC24 /* Build configuration list for PBXNativeTarget "WTSummaryTests" */;
			buildPhases = (
				840F943D1EFFD25B0028AC24 /* Sources */,
				840F943E1EFFD25B0028AC24 /* Frameworks */,
				840F943F1EFFD25B0028AC24 /* Resources */,
			);
			buildRules = (
			);
			dependencies = (
				840F94431EFFD25B0028AC24 /* PBXTargetDependency */,
			);
			name = WTSummaryTests;
			productName = WTSummaryTests;
			productReference = 840F94411EFFD25B0028AC24 /* WTSummaryTests.xctest */;
			productType = "com.apple.product-type.bundle.unit-test";
		};
		840F944B1EFFD25B0028AC24 /* WTSummaryUITests */ = {
			isa = PBXNativeTarget;
			buildConfigurationList = 840F945B1EFFD25B0028AC24 /* Build configuration list for PBXNativeTarget "WTSummaryUITests" */;
			buildPhases = (
				840F94481EFFD25B0028AC24 /* Sources */,
				840F94491EFFD25B0028AC24 /* Frameworks */,
				840F944A1EFFD25B0028AC24 /* Resources */,
			);
			buildRules = (
			);
			dependencies = (
				840F944E1EFFD25B0028AC24 /* PBXTargetDependency */,
			);
			name = WTSummaryUITests;
			productName = WTSummaryUITests;
			productReference = 840F944C1EFFD25B0028AC24 /* WTSummaryUITests.xctest */;
			productType = "com.apple.product-type.bundle.ui-testing";
		};
/* End PBXNativeTarget section */

/* Begin PBXProject section */
		840F94201EFFD25B0028AC24 /* Project object */ = {
			isa = PBXProject;
			attributes = {
				LastUpgradeCheck = 0820;
				ORGANIZATIONNAME = "飞奔的小鲨鱼";
				TargetAttributes = {
					840F94271EFFD25B0028AC24 = {
						CreatedOnToolsVersion = 8.2.1;
						DevelopmentTeam = 7SY57U9SGN;
						ProvisioningStyle = Automatic;
					};
					840F94401EFFD25B0028AC24 = {
						CreatedOnToolsVersion = 8.2.1;
						ProvisioningStyle = Automatic;
						TestTargetID = 840F94271EFFD25B0028AC24;
					};
					840F944B1EFFD25B0028AC24 = {
						CreatedOnToolsVersion = 8.2.1;
						ProvisioningStyle = Automatic;
						TestTargetID = 840F94271EFFD25B0028AC24;
					};
				};
			};
			buildConfigurationList = 840F94231EFFD25B0028AC24 /* Build configuration list for PBXProject "WTSummary" */;
			compatibilityVersion = "Xcode 3.2";
			developmentRegion = English;
			hasScannedForEncodings = 0;
			knownRegions = (
				en,
				Base,
			);
			mainGroup = 840F941F1EFFD25B0028AC24;
			productRefGroup = 840F94291EFFD25B0028AC24 /* Products */;
			projectDirPath = "";
			projectRoot = "";
			targets = (
				840F94271EFFD25B0028AC24 /* WTSummary */,
				840F94401EFFD25B0028AC24 /* WTSummaryTests */,
				840F944B1EFFD25B0028AC24 /* WTSummaryUITests */,
			);
		};
/* End PBXProject section */

/* Begin PBXResourcesBuildPhase section */
		840F94261EFFD25B0028AC24 /* Resources */ = {
			isa = PBXResourcesBuildPhase;
			buildActionMask = 2147483647;
			files = (
				1464CFA61F0798380079112E /* home_share_code_line@2x.png in Resources */,
				840F943B1EFFD25B0028AC24 /* LaunchScreen.storyboard in Resources */,
				840F94381EFFD25B0028AC24 /* Assets.xcassets in Resources */,
				840F94361EFFD25B0028AC24 /* Main.storyboard in Resources */,
			);
			runOnlyForDeploymentPostprocessing = 0;
		};
		840F943F1EFFD25B0028AC24 /* Resources */ = {
			isa = PBXResourcesBuildPhase;
			buildActionMask = 2147483647;
			files = (
			);
			runOnlyForDeploymentPostprocessing = 0;
		};
		840F944A1EFFD25B0028AC24 /* Resources */ = {
			isa = PBXResourcesBuildPhase;
			buildActionMask = 2147483647;
			files = (
			);
			runOnlyForDeploymentPostprocessing = 0;
		};
/* End PBXResourcesBuildPhase section */

/* Begin PBXSourcesBuildPhase section */
		840F94241EFFD25B0028AC24 /* Sources */ = {
			isa = PBXSourcesBuildPhase;
			buildActionMask = 2147483647;
			files = (
				1464CF7A1F0495260079112E /* UIBarButtonItem+Extension.m in Sources */,
				1464CF991F0777A80079112E /* WTNavigationController.m in Sources */,
				845C562F1F08AD5A00906099 /* WTLabel.m in Sources */,
				840F94331EFFD25B0028AC24 /* ViewController.m in Sources */,
				1464CF7E1F04AD930079112E /* WTCustomTextField.m in Sources */,
				1464CF761F04914B0079112E /* UIColor+HexStr.m in Sources */,
				840F94301EFFD25B0028AC24 /* AppDelegate.m in Sources */,
				1464CF771F04914B0079112E /* UIView+Category.m in Sources */,
				841501531F03DC1D002C3759 /* WTAlertController.m in Sources */,
				840F94741EFFFB3B0028AC24 /* WTBaseViewController.m in Sources */,
				840F942D1EFFD25B0028AC24 /* main.m in Sources */,
				841501561F03DD1B002C3759 /* TestViewController.m in Sources */,
				840F94701EFFF75B0028AC24 /* UIImage+Extension.m in Sources */,
				845C562A1F08ACE200906099 /* WTQRCodeView.m in Sources */,
				1464CFA21F077E250079112E /* WTAuthorityManager.m in Sources */,
				845C56321F08AF8F00906099 /* WTQRCodeController.m in Sources */,
				841399721F0147B500F8F8A6 /* UINavigationBar+Extension.m in Sources */,
			);
			runOnlyForDeploymentPostprocessing = 0;
		};
		840F943D1EFFD25B0028AC24 /* Sources */ = {
			isa = PBXSourcesBuildPhase;
			buildActionMask = 2147483647;
			files = (
				840F94461EFFD25B0028AC24 /* WTSummaryTests.m in Sources */,
			);
			runOnlyForDeploymentPostprocessing = 0;
		};
		840F94481EFFD25B0028AC24 /* Sources */ = {
			isa = PBXSourcesBuildPhase;
			buildActionMask = 2147483647;
			files = (
				840F94511EFFD25B0028AC24 /* WTSummaryUITests.m in Sources */,
			);
			runOnlyForDeploymentPostprocessing = 0;
		};
/* End PBXSourcesBuildPhase section */

/* Begin PBXTargetDependency section */
		840F94431EFFD25B0028AC24 /* PBXTargetDependency */ = {
			isa = PBXTargetDependency;
			target = 840F94271EFFD25B0028AC24 /* WTSummary */;
			targetProxy = 840F94421EFFD25B0028AC24 /* PBXContainerItemProxy */;
		};
		840F944E1EFFD25B0028AC24 /* PBXTargetDependency */ = {
			isa = PBXTargetDependency;
			target = 840F94271EFFD25B0028AC24 /* WTSummary */;
			targetProxy = 840F944D1EFFD25B0028AC24 /* PBXContainerItemProxy */;
		};
/* End PBXTargetDependency section */

/* Begin PBXVariantGroup section */
		840F94341EFFD25B0028AC24 /* Main.storyboard */ = {
			isa = PBXVariantGroup;
			children = (
				840F94351EFFD25B0028AC24 /* Base */,
			);
			name = Main.storyboard;
			sourceTree = "<group>";
		};
		840F94391EFFD25B0028AC24 /* LaunchScreen.storyboard */ = {
			isa = PBXVariantGroup;
			children = (
				840F943A1EFFD25B0028AC24 /* Base */,
			);
			name = LaunchScreen.storyboard;
			sourceTree = "<group>";
		};
/* End PBXVariantGroup section */

/* Begin XCBuildConfiguration section */
		840F94531EFFD25B0028AC24 /* Debug */ = {
			isa = XCBuildConfiguration;
			buildSettings = {
				ALWAYS_SEARCH_USER_PATHS = NO;
				CLANG_ANALYZER_NONNULL = YES;
				CLANG_CXX_LANGUAGE_STANDARD = "gnu++0x";
				CLANG_CXX_LIBRARY = "libc++";
				CLANG_ENABLE_MODULES = YES;
				CLANG_ENABLE_OBJC_ARC = YES;
				CLANG_WARN_BOOL_CONVERSION = YES;
				CLANG_WARN_CONSTANT_CONVERSION = YES;
				CLANG_WARN_DIRECT_OBJC_ISA_USAGE = YES_ERROR;
				CLANG_WARN_DOCUMENTATION_COMMENTS = YES;
				CLANG_WARN_EMPTY_BODY = YES;
				CLANG_WARN_ENUM_CONVERSION = YES;
				CLANG_WARN_INFINITE_RECURSION = YES;
				CLANG_WARN_INT_CONVERSION = YES;
				CLANG_WARN_OBJC_ROOT_CLASS = YES_ERROR;
				CLANG_WARN_SUSPICIOUS_MOVE = YES;
				CLANG_WARN_UNREACHABLE_CODE = YES;
				CLANG_WARN__DUPLICATE_METHOD_MATCH = YES;
				"CODE_SIGN_IDENTITY[sdk=iphoneos*]" = "iPhone Developer";
				COPY_PHASE_STRIP = NO;
				DEBUG_INFORMATION_FORMAT = dwarf;
				ENABLE_STRICT_OBJC_MSGSEND = YES;
				ENABLE_TESTABILITY = YES;
				GCC_C_LANGUAGE_STANDARD = gnu99;
				GCC_DYNAMIC_NO_PIC = NO;
				GCC_NO_COMMON_BLOCKS = YES;
				GCC_OPTIMIZATION_LEVEL = 0;
				GCC_PREPROCESSOR_DEFINITIONS = (
					"DEBUG=1",
					"$(inherited)",
				);
				GCC_WARN_64_TO_32_BIT_CONVERSION = YES;
				GCC_WARN_ABOUT_RETURN_TYPE = YES_ERROR;
				GCC_WARN_UNDECLARED_SELECTOR = YES;
				GCC_WARN_UNINITIALIZED_AUTOS = YES_AGGRESSIVE;
				GCC_WARN_UNUSED_FUNCTION = YES;
				GCC_WARN_UNUSED_VARIABLE = YES;
				IPHONEOS_DEPLOYMENT_TARGET = 10.2;
				MTL_ENABLE_DEBUG_INFO = YES;
				ONLY_ACTIVE_ARCH = YES;
				SDKROOT = iphoneos;
			};
			name = Debug;
		};
		840F94541EFFD25B0028AC24 /* Release */ = {
			isa = XCBuildConfiguration;
			buildSettings = {
				ALWAYS_SEARCH_USER_PATHS = NO;
				CLANG_ANALYZER_NONNULL = YES;
				CLANG_CXX_LANGUAGE_STANDARD = "gnu++0x";
				CLANG_CXX_LIBRARY = "libc++";
				CLANG_ENABLE_MODULES = YES;
				CLANG_ENABLE_OBJC_ARC = YES;
				CLANG_WARN_BOOL_CONVERSION = YES;
				CLANG_WARN_CONSTANT_CONVERSION = YES;
				CLANG_WARN_DIRECT_OBJC_ISA_USAGE = YES_ERROR;
				CLANG_WARN_DOCUMENTATION_COMMENTS = YES;
				CLANG_WARN_EMPTY_BODY = YES;
				CLANG_WARN_ENUM_CONVERSION = YES;
				CLANG_WARN_INFINITE_RECURSION = YES;
				CLANG_WARN_INT_CONVERSION = YES;
				CLANG_WARN_OBJC_ROOT_CLASS = YES_ERROR;
				CLANG_WARN_SUSPICIOUS_MOVE = YES;
				CLANG_WARN_UNREACHABLE_CODE = YES;
				CLANG_WARN__DUPLICATE_METHOD_MATCH = YES;
				"CODE_SIGN_IDENTITY[sdk=iphoneos*]" = "iPhone Developer";
				COPY_PHASE_STRIP = NO;
				DEBUG_INFORMATION_FORMAT = "dwarf-with-dsym";
				ENABLE_NS_ASSERTIONS = NO;
				ENABLE_STRICT_OBJC_MSGSEND = YES;
				GCC_C_LANGUAGE_STANDARD = gnu99;
				GCC_NO_COMMON_BLOCKS = YES;
				GCC_WARN_64_TO_32_BIT_CONVERSION = YES;
				GCC_WARN_ABOUT_RETURN_TYPE = YES_ERROR;
				GCC_WARN_UNDECLARED_SELECTOR = YES;
				GCC_WARN_UNINITIALIZED_AUTOS = YES_AGGRESSIVE;
				GCC_WARN_UNUSED_FUNCTION = YES;
				GCC_WARN_UNUSED_VARIABLE = YES;
				IPHONEOS_DEPLOYMENT_TARGET = 10.2;
				MTL_ENABLE_DEBUG_INFO = NO;
				SDKROOT = iphoneos;
				VALIDATE_PRODUCT = YES;
			};
			name = Release;
		};
		840F94561EFFD25B0028AC24 /* Debug */ = {
			isa = XCBuildConfiguration;
			buildSettings = {
				ASSETCATALOG_COMPILER_APPICON_NAME = AppIcon;
				DEVELOPMENT_TEAM = 7SY57U9SGN;
				GCC_PRECOMPILE_PREFIX_HEADER = YES;
				GCC_PREFIX_HEADER = "$(SRCROOT)/WTSummary/PrefixHeader.pch";
				INFOPLIST_FILE = WTSummary/Info.plist;
				IPHONEOS_DEPLOYMENT_TARGET = 8.0;
				LD_RUNPATH_SEARCH_PATHS = "$(inherited) @executable_path/Frameworks";
				PRODUCT_BUNDLE_IDENTIFIER = www.WTSummary;
				PRODUCT_NAME = "$(TARGET_NAME)";
				TARGETED_DEVICE_FAMILY = "1,2";
			};
			name = Debug;
		};
		840F94571EFFD25B0028AC24 /* Release */ = {
			isa = XCBuildConfiguration;
			buildSettings = {
				ASSETCATALOG_COMPILER_APPICON_NAME = AppIcon;
				DEVELOPMENT_TEAM = 7SY57U9SGN;
				GCC_PRECOMPILE_PREFIX_HEADER = YES;
				GCC_PREFIX_HEADER = "$(SRCROOT)/WTSummary/PrefixHeader.pch";
				INFOPLIST_FILE = WTSummary/Info.plist;
				IPHONEOS_DEPLOYMENT_TARGET = 8.0;
				LD_RUNPATH_SEARCH_PATHS = "$(inherited) @executable_path/Frameworks";
				PRODUCT_BUNDLE_IDENTIFIER = www.WTSummary;
				PRODUCT_NAME = "$(TARGET_NAME)";
				TARGETED_DEVICE_FAMILY = "1,2";
			};
			name = Release;
		};
		840F94591EFFD25B0028AC24 /* Debug */ = {
			isa = XCBuildConfiguration;
			buildSettings = {
				BUNDLE_LOADER = "$(TEST_HOST)";
				INFOPLIST_FILE = WTSummaryTests/Info.plist;
				LD_RUNPATH_SEARCH_PATHS = "$(inherited) @executable_path/Frameworks @loader_path/Frameworks";
				PRODUCT_BUNDLE_IDENTIFIER = www.WTSummaryTests;
				PRODUCT_NAME = "$(TARGET_NAME)";
				TEST_HOST = "$(BUILT_PRODUCTS_DIR)/WTSummary.app/WTSummary";
			};
			name = Debug;
		};
		840F945A1EFFD25B0028AC24 /* Release */ = {
			isa = XCBuildConfiguration;
			buildSettings = {
				BUNDLE_LOADER = "$(TEST_HOST)";
				INFOPLIST_FILE = WTSummaryTests/Info.plist;
				LD_RUNPATH_SEARCH_PATHS = "$(inherited) @executable_path/Frameworks @loader_path/Frameworks";
				PRODUCT_BUNDLE_IDENTIFIER = www.WTSummaryTests;
				PRODUCT_NAME = "$(TARGET_NAME)";
				TEST_HOST = "$(BUILT_PRODUCTS_DIR)/WTSummary.app/WTSummary";
			};
			name = Release;
		};
		840F945C1EFFD25B0028AC24 /* Debug */ = {
			isa = XCBuildConfiguration;
			buildSettings = {
				INFOPLIST_FILE = WTSummaryUITests/Info.plist;
				LD_RUNPATH_SEARCH_PATHS = "$(inherited) @executable_path/Frameworks @loader_path/Frameworks";
				PRODUCT_BUNDLE_IDENTIFIER = www.WTSummaryUITests;
				PRODUCT_NAME = "$(TARGET_NAME)";
				TEST_TARGET_NAME = WTSummary;
			};
			name = Debug;
		};
		840F945D1EFFD25B0028AC24 /* Release */ = {
			isa = XCBuildConfiguration;
			buildSettings = {
				INFOPLIST_FILE = WTSummaryUITests/Info.plist;
				LD_RUNPATH_SEARCH_PATHS = "$(inherited) @executable_path/Frameworks @loader_path/Frameworks";
				PRODUCT_BUNDLE_IDENTIFIER = www.WTSummaryUITests;
				PRODUCT_NAME = "$(TARGET_NAME)";
				TEST_TARGET_NAME = WTSummary;
			};
			name = Release;
		};
/* End XCBuildConfiguration section */

/* Begin XCConfigurationList section */
		840F94231EFFD25B0028AC24 /* Build configuration list for PBXProject "WTSummary" */ = {
			isa = XCConfigurationList;
			buildConfigurations = (
				840F94531EFFD25B0028AC24 /* Debug */,
				840F94541EFFD25B0028AC24 /* Release */,
			);
			defaultConfigurationIsVisible = 0;
			defaultConfigurationName = Release;
		};
		840F94551EFFD25B0028AC24 /* Build configuration list for PBXNativeTarget "WTSummary" */ = {
			isa = XCConfigurationList;
			buildConfigurations = (
				840F94561EFFD25B0028AC24 /* Debug */,
				840F94571EFFD25B0028AC24 /* Release */,
			);
			defaultConfigurationIsVisible = 0;
			defaultConfigurationName = Release;
		};
		840F94581EFFD25B0028AC24 /* Build configuration list for PBXNativeTarget "WTSummaryTests" */ = {
			isa = XCConfigurationList;
			buildConfigurations = (
				840F94591EFFD25B0028AC24 /* Debug */,
				840F945A1EFFD25B0028AC24 /* Release */,
			);
			defaultConfigurationIsVisible = 0;
			defaultConfigurationName = Release;
		};
		840F945B1EFFD25B0028AC24 /* Build configuration list for PBXNativeTarget "WTSummaryUITests" */ = {
			isa = XCConfigurationList;
			buildConfigurations = (
				840F945C1EFFD25B0028AC24 /* Debug */,
				840F945D1EFFD25B0028AC24 /* Release */,
			);
			defaultConfigurationIsVisible = 0;
			defaultConfigurationName = Release;
		};
/* End XCConfigurationList section */
	};
	rootObject = 840F94201EFFD25B0028AC24 /* Project object */;
}
